// !$*UTF8*$!
{
	archiveVersion = 1;
	classes = {
	};
	objectVersion = 46;
	objects = {

/* Begin PBXBuildFile section */
		F0F3AA4F1B66C05100D29EF9 /* AppDelegate.swift in Sources */ = {isa = PBXBuildFile; fileRef = F0F3AA4E1B66C05100D29EF9 /* AppDelegate.swift */; };
		F0F3AA511B66C05100D29EF9 /* ViewController.swift in Sources */ = {isa = PBXBuildFile; fileRef = F0F3AA501B66C05100D29EF9 /* ViewController.swift */; };
		F0F3AA541B66C05100D29EF9 /* Main.storyboard in Resources */ = {isa = PBXBuildFile; fileRef = F0F3AA521B66C05100D29EF9 /* Main.storyboard */; };
		F0F3AA561B66C05100D29EF9 /* Assets.xcassets in Resources */ = {isa = PBXBuildFile; fileRef = F0F3AA551B66C05100D29EF9 /* Assets.xcassets */; };
		F0F3AA591B66C05100D29EF9 /* LaunchScreen.storyboard in Resources */ = {isa = PBXBuildFile; fileRef = F0F3AA571B66C05100D29EF9 /* LaunchScreen.storyboard */; };
		F0F3AA641B66C05100D29EF9 /* Simple_ClockTests.swift in Sources */ = {isa = PBXBuildFile; fileRef = F0F3AA631B66C05100D29EF9 /* Simple_ClockTests.swift */; };
		F0F3AA6F1B66C05100D29EF9 /* Simple_ClockUITests.swift in Sources */ = {isa = PBXBuildFile; fileRef = F0F3AA6E1B66C05100D29EF9 /* Simple_ClockUITests.swift */; };
/* End PBXBuildFile section */

/* Begin PBXContainerItemProxy section */
		F0F3AA601B66C05100D29EF9 /* PBXContainerItemProxy */ = {
			isa = PBXContainerItemProxy;
			containerPortal = F0F3AA431B66C05100D29EF9 /* Project object */;
			proxyType = 1;
			remoteGlobalIDString = F0F3AA4A1B66C05100D29EF9;
			remoteInfo = "Simple Clock";
		};
		F0F3AA6B1B66C05100D29EF9 /* PBXContainerItemProxy */ = {
			isa = PBXContainerItemProxy;
			containerPortal = F0F3AA431B66C05100D29EF9 /* Project object */;
			proxyType = 1;
			remoteGlobalIDString = F0F3AA4A1B66C05100D29EF9;
			remoteInfo = "Simple Clock";
		};
/* End PBXContainerItemProxy section */

/* Begin PBXFileReference section */
		F0F3AA4B1B66C05100D29EF9 /* Simple Clock.app */ = {isa = PBXFileReference; explicitFileType = wrapper.application; includeInIndex = 0; path = "Simple Clock.app"; sourceTree = BUILT_PRODUCTS_DIR; };
		F0F3AA4E1B66C05100D29EF9 /* AppDelegate.swift */ = {isa = PBXFileReference; lastKnownFileType = sourcecode.swift; path = AppDelegate.swift; sourceTree = "<group>"; };
		F0F3AA501B66C05100D29EF9 /* ViewController.swift */ = {isa = PBXFileReference; lastKnownFileType = sourcecode.swift; path = ViewController.swift; sourceTree = "<group>"; };
		F0F3AA531B66C05100D29EF9 /* Base */ = {isa = PBXFileReference; lastKnownFileType = file.storyboard; name = Base; path = Base.lproj/Main.storyboard; sourceTree = "<group>"; };
		F0F3AA551B66C05100D29EF9 /* Assets.xcassets */ = {isa = PBXFileReference; lastKnownFileType = folder.assetcatalog; path = Assets.xcassets; sourceTree = "<group>"; };
		F0F3AA581B66C05100D29EF9 /* Base */ = {isa = PBXFileReference; lastKnownFileType = file.storyboard; name = Base; path = Base.lproj/LaunchScreen.storyboard; sourceTree = "<group>"; };
		F0F3AA5A1B66C05100D29EF9 /* Info.plist */ = {isa = PBXFileReference; lastKnownFileType = text.plist.xml; path = Info.plist; sourceTree = "<group>"; };
		F0F3AA5F1B66C05100D29EF9 /* Simple ClockTests.xctest */ = {isa = PBXFileReference; explicitFileType = wrapper.cfbundle; includeInIndex = 0; path = "Simple ClockTests.xctest"; sourceTree = BUILT_PRODUCTS_DIR; };
		F0F3AA631B66C05100D29EF9 /* Simple_ClockTests.swift */ = {isa = PBXFileReference; lastKnownFileType = sourcecode.swift; path = Simple_ClockTests.swift; sourceTree = "<group>"; };
		F0F3AA651B66C05100D29EF9 /* Info.plist */ = {isa = PBXFileReference; lastKnownFileType = text.plist.xml; path = Info.plist; sourceTree = "<group>"; };
		F0F3AA6A1B66C05100D29EF9 /* Simple ClockUITests.xctest */ = {isa = PBXFileReference; explicitFileType = wrapper.cfbundle; includeInIndex = 0; path = "Simple ClockUITests.xctest"; sourceTree = BUILT_PRODUCTS_DIR; };
		F0F3AA6E1B66C05100D29EF9 /* Simple_ClockUITests.swift */ = {isa = PBXFileReference; lastKnownFileType = sourcecode.swift; path = Simple_ClockUITests.swift; sourceTree = "<group>"; };
		F0F3AA701B66C05100D29EF9 /* Info.plist */ = {isa = PBXFileReference; lastKnownFileType = text.plist.xml; path = Info.plist; sourceTree = "<group>"; };
/* End PBXFileReference section */

/* Begin PBXFrameworksBuildPhase section */
		F0F3AA481B66C05100D29EF9 /* Frameworks */ = {
			isa = PBXFrameworksBuildPhase;
			buildActionMask = 2147483647;
			files = (
			);
			runOnlyForDeploymentPostprocessing = 0;
		};
		F0F3AA5C1B66C05100D29EF9 /* Frameworks */ = {
			isa = PBXFrameworksBuildPhase;
			buildActionMask = 2147483647;
			files = (
			);
			runOnlyForDeploymentPostprocessing = 0;
		};
		F0F3AA671B66C05100D29EF9 /* Frameworks */ = {
			isa = PBXFrameworksBuildPhase;
			buildActionMask = 2147483647;
			files = (
			);
			runOnlyForDeploymentPostprocessing = 0;
		};
/* End PBXFrameworksBuildPhase section */

/* Begin PBXGroup section */
		F0F3AA421B66C05100D29EF9 = {
			isa = PBXGroup;
			children = (
				F0F3AA4D1B66C05100D29EF9 /* Simple Clock */,
				F0F3AA621B66C05100D29EF9 /* Simple ClockTests */,
				F0F3AA6D1B66C05100D29EF9 /* Simple ClockUITests */,
				F0F3AA4C1B66C05100D29EF9 /* Products */,
			);
			sourceTree = "<group>";
		};
		F0F3AA4C1B66C05100D29EF9 /* Products */ = {
			isa = PBXGroup;
			children = (
				F0F3AA4B1B66C05100D29EF9 /* Simple Clock.app */,
				F0F3AA5F1B66C05100D29EF9 /* Simple ClockTests.xctest */,
				F0F3AA6A1B66C05100D29EF9 /* Simple ClockUITests.xctest */,
			);
			name = Products;
			sourceTree = "<group>";
		};
		F0F3AA4D1B66C05100D29EF9 /* Simple Clock */ = {
			isa = PBXGroup;
			children = (
				F0F3AA4E1B66C05100D29EF9 /* AppDelegate.swift */,
				F0F3AA501B66C05100D29EF9 /* ViewController.swift */,
				F0F3AA521B66C05100D29EF9 /* Main.storyboard */,
				F0F3AA551B66C05100D29EF9 /* Assets.xcassets */,
				F0F3AA571B66C05100D29EF9 /* LaunchScreen.storyboard */,
				F0F3AA5A1B66C05100D29EF9 /* Info.plist */,
			);
			path = "Simple Clock";
			sourceTree = "<group>";
		};
		F0F3AA621B66C05100D29EF9 /* Simple ClockTests */ = {
			isa = PBXGroup;
			children = (
				F0F3AA631B66C05100D29EF9 /* Simple_ClockTests.swift */,
				F0F3AA651B66C05100D29EF9 /* Info.plist */,
			);
			path = "Simple ClockTests";
			sourceTree = "<group>";
		};
		F0F3AA6D1B66C05100D29EF9 /* Simple ClockUITests */ = {
			isa = PBXGroup;
			children = (
				F0F3AA6E1B66C05100D29EF9 /* Simple_ClockUITests.swift */,
				F0F3AA701B66C05100D29EF9 /* Info.plist */,
			);
			path = "Simple ClockUITests";
			sourceTree = "<group>";
		};
/* End PBXGroup section */

/* Begin PBXNativeTarget section */
		F0F3AA4A1B66C05100D29EF9 /* Simple Clock */ = {
			isa = PBXNativeTarget;
			buildConfigurationList = F0F3AA731B66C05100D29EF9 /* Build configuration list for PBXNativeTarget "Simple Clock" */;
			buildPhases = (
				F0F3AA471B66C05100D29EF9 /* Sources */,
				F0F3AA481B66C05100D29EF9 /* Frameworks */,
				F0F3AA491B66C05100D29EF9 /* Resources */,
			);
			buildRules = (
			);
			dependencies = (
			);
			name = "Simple Clock";
			productName = "Simple Clock";
			productReference = F0F3AA4B1B66C05100D29EF9 /* Simple Clock.app */;
			productType = "com.apple.product-type.application";
		};
		F0F3AA5E1B66C05100D29EF9 /* Simple ClockTests */ = {
			isa = PBXNativeTarget;
			buildConfigurationList = F0F3AA761B66C05100D29EF9 /* Build configuration list for PBXNativeTarget "Simple ClockTests" */;
			buildPhases = (
				F0F3AA5B1B66C05100D29EF9 /* Sources */,
				F0F3AA5C1B66C05100D29EF9 /* Frameworks */,
				F0F3AA5D1B66C05100D29EF9 /* Resources */,
			);
			buildRules = (
			);
			dependencies = (
				F0F3AA611B66C05100D29EF9 /* PBXTargetDependency */,
			);
			name = "Simple ClockTests";
			productName = "Simple ClockTests";
			productReference = F0F3AA5F1B66C05100D29EF9 /* Simple ClockTests.xctest */;
			productType = "com.apple.product-type.bundle.unit-test";
		};
		F0F3AA691B66C05100D29EF9 /* Simple ClockUITests */ = {
			isa = PBXNativeTarget;
			buildConfigurationList = F0F3AA791B66C05100D29EF9 /* Build configuration list for PBXNativeTarget "Simple ClockUITests" */;
			buildPhases = (
				F0F3AA661B66C05100D29EF9 /* Sources */,
				F0F3AA671B66C05100D29EF9 /* Frameworks */,
				F0F3AA681B66C05100D29EF9 /* Resources */,
			);
			buildRules = (
			);
			dependencies = (
				F0F3AA6C1B66C05100D29EF9 /* PBXTargetDependency */,
			);
			name = "Simple ClockUITests";
			productName = "Simple ClockUITests";
			productReference = F0F3AA6A1B66C05100D29EF9 /* Simple ClockUITests.xctest */;
			productType = "com.apple.product-type.bundle.ui-testing";
		};
/* End PBXNativeTarget section */

/* Begin PBXProject section */
		F0F3AA431B66C05100D29EF9 /* Project object */ = {
			isa = PBXProject;
			attributes = {
				LastUpgradeCheck = 0700;
				ORGANIZATIONNAME = "Cesar Zepeda";
				TargetAttributes = {
					F0F3AA4A1B66C05100D29EF9 = {
						CreatedOnToolsVersion = 7.0;
					};
					F0F3AA5E1B66C05100D29EF9 = {
						CreatedOnToolsVersion = 7.0;
						TestTargetID = F0F3AA4A1B66C05100D29EF9;
					};
					F0F3AA691B66C05100D29EF9 = {
						CreatedOnToolsVersion = 7.0;
						TestTargetID = F0F3AA4A1B66C05100D29EF9;
					};
				};
			};
			buildConfigurationList = F0F3AA461B66C05100D29EF9 /* Build configuration list for PBXProject "Simple Clock" */;
			compatibilityVersion = "Xcode 3.2";
			developmentRegion = English;
			hasScannedForEncodings = 0;
			knownRegions = (
				en,
				Base,
			);
			mainGroup = F0F3AA421B66C05100D29EF9;
			productRefGroup = F0F3AA4C1B66C05100D29EF9 /* Products */;
			projectDirPath = "";
			projectRoot = "";
			targets = (
				F0F3AA4A1B66C05100D29EF9 /* Simple Clock */,
				F0F3AA5E1B66C05100D29EF9 /* Simple ClockTests */,
				F0F3AA691B66C05100D29EF9 /* Simple ClockUITests */,
			);
		};
/* End PBXProject section */

/* Begin PBXResourcesBuildPhase section */
		F0F3AA491B66C05100D29EF9 /* Resources */ = {
			isa = PBXResourcesBuildPhase;
			buildActionMask = 2147483647;
			files = (
				F0F3AA591B66C05100D29EF9 /* LaunchScreen.storyboard in Resources */,
				F0F3AA561B66C05100D29EF9 /* Assets.xcassets in Resources */,
				F0F3AA541B66C05100D29EF9 /* Main.storyboard in Resources */,
			);
			runOnlyForDeploymentPostprocessing = 0;
		};
		F0F3AA5D1B66C05100D29EF9 /* Resources */ = {
			isa = PBXResourcesBuildPhase;
			buildActionMask = 2147483647;
			files = (
			);
			runOnlyForDeploymentPostprocessing = 0;
		};
		F0F3AA681B66C05100D29EF9 /* Resources */ = {
			isa = PBXResourcesBuildPhase;
			buildActionMask = 2147483647;
			files = (
			);
			runOnlyForDeploymentPostprocessing = 0;
		};
/* End PBXResourcesBuildPhase section */

/* Begin PBXSourcesBuildPhase section */
		F0F3AA471B66C05100D29EF9 /* Sources */ = {
			isa = PBXSourcesBuildPhase;
			buildActionMask = 2147483647;
			files = (
				F0F3AA511B66C05100D29EF9 /* ViewController.swift in Sources */,
				F0F3AA4F1B66C05100D29EF9 /* AppDelegate.swift in Sources */,
			);
			runOnlyForDeploymentPostprocessing = 0;
		};
		F0F3AA5B1B66C05100D29EF9 /* Sources */ = {
			isa = PBXSourcesBuildPhase;
			buildActionMask = 2147483647;
			files = (
				F0F3AA641B66C05100D29EF9 /* Simple_ClockTests.swift in Sources */,
			);
			runOnlyForDeploymentPostprocessing = 0;
		};
		F0F3AA661B66C05100D29EF9 /* Sources */ = {
			isa = PBXSourcesBuildPhase;
			buildActionMask = 2147483647;
			files = (
				F0F3AA6F1B66C05100D29EF9 /* Simple_ClockUITests.swift in Sources */,
			);
			runOnlyForDeploymentPostprocessing = 0;
		};
/* End PBXSourcesBuildPhase section */

/* Begin PBXTargetDependency section */
		F0F3AA611B66C05100D29EF9 /* PBXTargetDependency */ = {
			isa = PBXTargetDependency;
			target = F0F3AA4A1B66C05100D29EF9 /* Simple Clock */;
			targetProxy = F0F3AA601B66C05100D29EF9 /* PBXContainerItemProxy */;
		};
		F0F3AA6C1B66C05100D29EF9 /* PBXTargetDependency */ = {
			isa = PBXTargetDependency;
			target = F0F3AA4A1B66C05100D29EF9 /* Simple Clock */;
			targetProxy = F0F3AA6B1B66C05100D29EF9 /* PBXContainerItemProxy */;
		};
/* End PBXTargetDependency section */

/* Begin PBXVariantGroup section */
		F0F3AA521B66C05100D29EF9 /* Main.storyboard */ = {
			isa = PBXVariantGroup;
			children = (
				F0F3AA531B66C05100D29EF9 /* Base */,
			);
			name = Main.storyboard;
			sourceTree = "<group>";
		};
		F0F3AA571B66C05100D29EF9 /* LaunchScreen.storyboard */ = {
			isa = PBXVariantGroup;
			children = (
				F0F3AA581B66C05100D29EF9 /* Base */,
			);
			name = LaunchScreen.storyboard;
			sourceTree = "<group>";
		};
/* End PBXVariantGroup section */

/* Begin XCBuildConfiguration section */
		F0F3AA711B66C05100D29EF9 /* Debug */ = {
			isa = XCBuildConfiguration;
			buildSettings = {
				ALWAYS_SEARCH_USER_PATHS = NO;
				CLANG_CXX_LANGUAGE_STANDARD = "gnu++0x";
				CLANG_CXX_LIBRARY = "libc++";
				CLANG_ENABLE_MODULES = YES;
				CLANG_ENABLE_OBJC_ARC = YES;
				CLANG_WARN_BOOL_CONVERSION = YES;
				CLANG_WARN_CONSTANT_CONVERSION = YES;
				CLANG_WARN_DIRECT_OBJC_ISA_USAGE = YES_ERROR;
				CLANG_WARN_EMPTY_BODY = YES;
				CLANG_WARN_ENUM_CONVERSION = YES;
				CLANG_WARN_INT_CONVERSION = YES;
				CLANG_WARN_OBJC_ROOT_CLASS = YES_ERROR;
				CLANG_WARN_UNREACHABLE_CODE = YES;
				CLANG_WARN__DUPLICATE_METHOD_MATCH = YES;
				"CODE_SIGN_IDENTITY[sdk=iphoneos*]" = "iPhone Developer";
				COPY_PHASE_STRIP = NO;
				DEBUG_INFORMATION_FORMAT = dwarf;
				ENABLE_STRICT_OBJC_MSGSEND = YES;
				ENABLE_TESTABILITY = YES;
				GCC_C_LANGUAGE_STANDARD = gnu99;
				GCC_DYNAMIC_NO_PIC = NO;
				GCC_NO_COMMON_BLOCKS = YES;
				GCC_OPTIMIZATION_LEVEL = 0;
				GCC_PREPROCESSOR_DEFINITIONS = (
					"DEBUG=1",
					"$(inherited)",
				);
				GCC_WARN_64_TO_32_BIT_CONVERSION = YES;
				GCC_WARN_ABOUT_RETURN_TYPE = YES_ERROR;
				GCC_WARN_UNDECLARED_SELECTOR = YES;
				GCC_WARN_UNINITIALIZED_AUTOS = YES_AGGRESSIVE;
				GCC_WARN_UNUSED_FUNCTION = YES;
				GCC_WARN_UNUSED_VARIABLE = YES;
				IPHONEOS_DEPLOYMENT_TARGET = 9.0;
				MTL_ENABLE_DEBUG_INFO = YES;
				ONLY_ACTIVE_ARCH = YES;
				SDKROOT = iphoneos;
				SWIFT_OPTIMIZATION_LEVEL = "-Onone";
				TARGETED_DEVICE_FAMILY = "1,2";
			};
			name = Debug;
		};
		F0F3AA721B66C05100D29EF9 /* Release */ = {
			isa = XCBuildConfiguration;
			buildSettings = {
				ALWAYS_SEARCH_USER_PATHS = NO;
				CLANG_CXX_LANGUAGE_STANDARD = "gnu++0x";
				CLANG_CXX_LIBRARY = "libc++";
				CLANG_ENABLE_MODULES = YES;
				CLANG_ENABLE_OBJC_ARC = YES;
				CLANG_WARN_BOOL_CONVERSION = YES;
				CLANG_WARN_CONSTANT_CONVERSION = YES;
				CLANG_WARN_DIRECT_OBJC_ISA_USAGE = YES_ERROR;
				CLANG_WARN_EMPTY_BODY = YES;
				CLANG_WARN_ENUM_CONVERSION = YES;
				CLANG_WARN_INT_CONVERSION = YES;
				CLANG_WARN_OBJC_ROOT_CLASS = YES_ERROR;
				CLANG_WARN_UNREACHABLE_CODE = YES;
				CLANG_WARN__DUPLICATE_METHOD_MATCH = YES;
				"CODE_SIGN_IDENTITY[sdk=iphoneos*]" = "iPhone Developer";
				COPY_PHASE_STRIP = NO;
				DEBUG_INFORMATION_FORMAT = "dwarf-with-dsym";
				ENABLE_NS_ASSERTIONS = NO;
				ENABLE_STRICT_OBJC_MSGSEND = YES;
				GCC_C_LANGUAGE_STANDARD = gnu99;
				GCC_NO_COMMON_BLOCKS = YES;
				GCC_WARN_64_TO_32_BIT_CONVERSION = YES;
				GCC_WARN_ABOUT_RETURN_TYPE = YES_ERROR;
				GCC_WARN_UNDECLARED_SELECTOR = YES;
				GCC_WARN_UNINITIALIZED_AUTOS = YES_AGGRESSIVE;
				GCC_WARN_UNUSED_FUNCTION = YES;
				GCC_WARN_UNUSED_VARIABLE = YES;
				IPHONEOS_DEPLOYMENT_TARGET = 9.0;
				MTL_ENABLE_DEBUG_INFO = NO;
				SDKROOT = iphoneos;
				TARGETED_DEVICE_FAMILY = "1,2";
				VALIDATE_PRODUCT = YES;
			};
			name = Release;
		};
		F0F3AA741B66C05100D29EF9 /* Debug */ = {
			isa = XCBuildConfiguration;
			buildSettings = {
				ASSETCATALOG_COMPILER_APPICON_NAME = AppIcon;
				INFOPLIST_FILE = "Simple Clock/Info.plist";
				LD_RUNPATH_SEARCH_PATHS = "$(inherited) @executable_path/Frameworks";
				PRODUCT_BUNDLE_IDENTIFIER = "com.cesarzepeda.Simple-Clock";
				PRODUCT_NAME = "$(TARGET_NAME)";
			};
			name = Debug;
		};
		F0F3AA751B66C05100D29EF9 /* Release */ = {
			isa = XCBuildConfiguration;
			buildSettings = {
				ASSETCATALOG_COMPILER_APPICON_NAME = AppIcon;
				INFOPLIST_FILE = "Simple Clock/Info.plist";
				LD_RUNPATH_SEARCH_PATHS = "$(inherited) @executable_path/Frameworks";
				PRODUCT_BUNDLE_IDENTIFIER = "com.cesarzepeda.Simple-Clock";
				PRODUCT_NAME = "$(TARGET_NAME)";
			};
			name = Release;
		};
		F0F3AA771B66C05100D29EF9 /* Debug */ = {
			isa = XCBuildConfiguration;
			buildSettings = {
				BUNDLE_LOADER = "$(TEST_HOST)";
				INFOPLIST_FILE = "Simple ClockTests/Info.plist";
				LD_RUNPATH_SEARCH_PATHS = "$(inherited) @executable_path/Frameworks @loader_path/Frameworks";
				PRODUCT_BUNDLE_IDENTIFIER = "com.cesarzepeda.Simple-ClockTests";
				PRODUCT_NAME = "$(TARGET_NAME)";
				TEST_HOST = "$(BUILT_PRODUCTS_DIR)/Simple Clock.app/Simple Clock";
			};
			name = Debug;
		};
		F0F3AA781B66C05100D29EF9 /* Release */ = {
			isa = XCBuildConfiguration;
			buildSettings = {
				BUNDLE_LOADER = "$(TEST_HOST)";
				INFOPLIST_FILE = "Simple ClockTests/Info.plist";
				LD_RUNPATH_SEARCH_PATHS = "$(inherited) @executable_path/Frameworks @loader_path/Frameworks";
				PRODUCT_BUNDLE_IDENTIFIER = "com.cesarzepeda.Simple-ClockTests";
				PRODUCT_NAME = "$(TARGET_NAME)";
				TEST_HOST = "$(BUILT_PRODUCTS_DIR)/Simple Clock.app/Simple Clock";
			};
			name = Release;
		};
		F0F3AA7A1B66C05100D29EF9 /* Debug */ = {
			isa = XCBuildConfiguration;
			buildSettings = {
				INFOPLIST_FILE = "Simple ClockUITests/Info.plist";
				LD_RUNPATH_SEARCH_PATHS = "$(inherited) @executable_path/Frameworks @loader_path/Frameworks";
				PRODUCT_BUNDLE_IDENTIFIER = "com.cesarzepeda.Simple-ClockUITests";
				PRODUCT_NAME = "$(TARGET_NAME)";
				TEST_TARGET_NAME = "Simple Clock";
				USES_XCTRUNNER = YES;
			};
			name = Debug;
		};
		F0F3AA7B1B66C05100D29EF9 /* Release */ = {
			isa = XCBuildConfiguration;
			buildSettings = {
				INFOPLIST_FILE = "Simple ClockUITests/Info.plist";
				LD_RUNPATH_SEARCH_PATHS = "$(inherited) @executable_path/Frameworks @loader_path/Frameworks";
				PRODUCT_BUNDLE_IDENTIFIER = "com.cesarzepeda.Simple-ClockUITests";
				PRODUCT_NAME = "$(TARGET_NAME)";
				TEST_TARGET_NAME = "Simple Clock";
				USES_XCTRUNNER = YES;
			};
			name = Release;
		};
/* End XCBuildConfiguration section */

/* Begin XCConfigurationList section */
		F0F3AA461B66C05100D29EF9 /* Build configuration list for PBXProject "Simple Clock" */ = {
			isa = XCConfigurationList;
			buildConfigurations = (
				F0F3AA711B66C05100D29EF9 /* Debug */,
				F0F3AA721B66C05100D29EF9 /* Release */,
			);
			defaultConfigurationIsVisible = 0;
			defaultConfigurationName = Release;
		};
		F0F3AA731B66C05100D29EF9 /* Build configuration list for PBXNativeTarget "Simple Clock" */ = {
			isa = XCConfigurationList;
			buildConfigurations = (
				F0F3AA741B66C05100D29EF9 /* Debug */,
				F0F3AA751B66C05100D29EF9 /* Release */,
			);
			defaultConfigurationIsVisible = 0;
		};
		F0F3AA761B66C05100D29EF9 /* Build configuration list for PBXNativeTarget "Simple ClockTests" */ = {
			isa = XCConfigurationList;
			buildConfigurations = (
				F0F3AA771B66C05100D29EF9 /* Debug */,
				F0F3AA781B66C05100D29EF9 /* Release */,
			);
			defaultConfigurationIsVisible = 0;
		};
		F0F3AA791B66C05100D29EF9 /* Build configuration list for PBXNativeTarget "Simple ClockUITests" */ = {
			isa = XCConfigurationList;
			buildConfigurations = (
				F0F3AA7A1B66C05100D29EF9 /* Debug */,
				F0F3AA7B1B66C05100D29EF9 /* Release */,
			);
			defaultConfigurationIsVisible = 0;
		};
/* End XCConfigurationList section */
	};
	rootObject = F0F3AA431B66C05100D29EF9 /* Project object */;
}
